# THIS IS AN AUTOGENERATED FILE. DO NOT EDIT THIS FILE DIRECTLY.
# yarn lockfile v1


"@bazel/buildifier@^5.1.0":
  version "5.1.0"
  resolved "https://registry.yarnpkg.com/@bazel/buildifier/-/buildifier-5.1.0.tgz#ae0b93c5d14b2b080d5a492a8bfee231101b5385"
  integrity sha512-gO0+//hkH+iE3AQ02mYttJAcWiE+rapP8IxmstDhwSqs+CmZJJI8Q1vAaIvMyJUT3NIf7lGljRNpzclkCPk89w==

"@bazel/ibazel@^0.16.2":
  version "0.16.2"
  resolved "https://registry.yarnpkg.com/@bazel/ibazel/-/ibazel-0.16.2.tgz#05dd7f06659759fda30f87b15534f1e42f1201bb"
  integrity sha512-KgqAWMH0emL6f3xH6nqyTryoBMqlJ627LBIe9PT1PRRQPz2FtHib3FIHJPukp1slzF3hJYZvdiVwgPnHbaSOOA==

"@bazel/typescript@^5.5.3":
  version "5.5.3"
  resolved "https://registry.yarnpkg.com/@bazel/typescript/-/typescript-5.5.3.tgz#3505f92c0bb9598e7ef090dec75f52a1eceab26b"
  integrity sha512-DGlzz2RmzRrNWhoL1ynr62qsTk5cUzjIJj2MreeQVoYHQZfB3FCCu/TGtDS5xyEbfWhsn7Zwo5qpOxvdYiPWng==
  dependencies:
    "@bazel/worker" "5.5.3"
    semver "5.6.0"
    source-map-support "0.5.9"
    tsutils "3.21.0"

"@bazel/worker@5.5.3":
  version "5.5.3"
  resolved "https://registry.yarnpkg.com/@bazel/worker/-/worker-5.5.3.tgz#3c23135a4e9d6c8ef05f1de85bc3c0c30df2ad38"
  integrity sha512-Wm0istBBko5w2ddDwCK4rvDQrWfeFGaWdG3iTNkYAHKfQrkgYeMucMoAbFB6LZ87KZKuBEN9KSDq+fi8MXtGlw==
  dependencies:
    google-protobuf "^3.6.1"

buffer-from@^1.0.0:
  version "1.1.2"
  resolved "https://registry.yarnpkg.com/buffer-from/-/buffer-from-1.1.2.tgz#2b146a6fd72e80b4f55d255f35ed59a3a9a41bd5"
  integrity sha512-E+XQCRwSbaaiChtv6k6Dwgc+bx+Bs6vuKJHHl5kox/BaKbhiXzqQOwK4cO22yElGp2OCmjwVhT3HmxgyPGnJfQ==

google-protobuf@^3.6.1:
  version "3.21.0"
  resolved "https://registry.yarnpkg.com/google-protobuf/-/google-protobuf-3.21.0.tgz#8dfa3fca16218618d373d414d3c1139e28034d6e"
  integrity sha512-byR7MBTK4tZ5PZEb+u5ZTzpt4SfrTxv5682MjPlHN16XeqgZE2/8HOIWeiXe8JKnT9OVbtBGhbq8mtvkK8cd5g==

semver@5.6.0:
  version "5.6.0"
  resolved "https://registry.yarnpkg.com/semver/-/semver-5.6.0.tgz#7e74256fbaa49c75aa7c7a205cc22799cac80004"
  integrity sha512-RS9R6R35NYgQn++fkDWaOmqGoj4Ek9gGs+DPxNUZKuwE183xjJroKvyo1IzVFeXvUrvmALy6FWD5xrdJT25gMg==

source-map-support@0.5.9:
  version "0.5.9"
  resolved "https://registry.yarnpkg.com/source-map-support/-/source-map-support-0.5.9.tgz#41bc953b2534267ea2d605bccfa7bfa3111ced5f"
  integrity sha512-gR6Rw4MvUlYy83vP0vxoVNzM6t8MUXqNuRsuBmBHQDu1Fh6X015FrLdgoDKcNdkwGubozq0P4N0Q37UyFVr1EA==
  dependencies:
    buffer-from "^1.0.0"
    source-map "^0.6.0"

source-map@^0.6.0:
  version "0.6.1"
  resolved "https://registry.yarnpkg.com/source-map/-/source-map-0.6.1.tgz#74722af32e9614e9c287a8d0bbde48b5e2f1a263"
  integrity sha512-UjgapumWlbMhkBgzT7Ykc5YXUT46F0iKu8SGXq0bcwP5dz/h0Plj6enJqjz1Zbq2l5WaqYnrVbwWOWMyF3F47g==

tslib@^1.8.1:
  version "1.14.1"
  resolved "https://registry.yarnpkg.com/tslib/-/tslib-1.14.1.tgz#cf2d38bdc34a134bcaf1091c41f6619e2f672d00"
  integrity sha512-Xni35NKzjgMrwevysHTCArtLDpPvye8zV/0E4EyYn43P7/7qvQwPh9BGkHewbMulVntbigmcT7rdX3BNo9wRJg==

tsutils@3.21.0:
  version "3.21.0"
  resolved "https://registry.yarnpkg.com/tsutils/-/tsutils-3.21.0.tgz#b48717d394cea6c1e096983eed58e9d61715b623"
  integrity sha512-mHKK3iUXL+3UF6xL5k0PEhKRUBKPBCv/+RkEOpjRWxxx27KKRBmmA60A9pgOUvMi8GKhRMPEmjBRPzs2W7O1OA==
  dependencies:
    tslib "^1.8.1"

typescript@^3.6.3:
  version "3.9.10"
  resolved "https://registry.yarnpkg.com/typescript/-/typescript-3.9.10.tgz#70f3910ac7a51ed6bef79da7800690b19bf778b8"
  integrity sha512-w6fIxVE/H1PkLKcCPsFqKE7Kv7QUwhU8qQY2MueZXWx5cPZdwFupLgKK3vntcK98BtNHZtAF4LA/yl2a7k8R6Q==
